
Microsoft Visual Studio Solution File, Format Version 12.00
# Visual Studio Version 17
VisualStudioVersion = 17.14.36221.1 d17.14
MinimumVisualStudioVersion = 10.0.40219.1
Project("{FAE04EC0-301F-11D3-BF4B-00C04F79EFBC}") = "ChildMotivationApp", "ChildMotivationApp\ChildMotivationApp.csproj", "{5E9D1002-62A4-425B-BABC-8F77F433BF60}"
EndProject
Global
	GlobalSection(SolutionConfigurationPlatforms) = preSolution
		Debug|Any CPU = Debug|Any CPU
		Release|Any CPU = Release|Any CPU
	EndGlobalSection
	GlobalSection(ProjectConfigurationPlatforms) = postSolution
		{5E9D1002-62A4-425B-BABC-8F77F433BF60}.Debug|Any CPU.ActiveCfg = Debug|Any CPU
		{5E9D1002-62A4-425B-BABC-8F77F433BF60}.Debug|Any CPU.Build.0 = Debug|Any CPU
		{5E9D1002-62A4-425B-BABC-8F77F433BF60}.Release|Any CPU.ActiveCfg = Release|Any CPU
		{5E9D1002-62A4-425B-BABC-8F77F433BF60}.Release|Any CPU.Build.0 = Release|Any CPU
	EndGlobalSection
	GlobalSection(SolutionProperties) = preSolution
		HideSolutionNode = FALSE
	EndGlobalSection
	GlobalSection(ExtensibilityGlobals) = postSolution
		SolutionGuid = {497AB63A-70C2-4322-8C61-95A0FB4DAA91}
	EndGlobalSection
EndGlobal
