
Microsoft Visual Studio Solution File, Format Version 12.00
Project("{FAE04EC0-301F-11D3-BF4B-00C04F79EFBC}") = "AuthService", "AuthService\AuthService.csproj", "{AB376028-A4E6-4767-8B01-ADFF6CEBFA8C}"
EndProject
Global
	GlobalSection(SolutionConfigurationPlatforms) = preSolution
		Debug|Any CPU = Debug|Any CPU
		Release|Any CPU = Release|Any CPU
	EndGlobalSection
	GlobalSection(ProjectConfigurationPlatforms) = postSolution
		{AB376028-A4E6-4767-8B01-ADFF6CEBFA8C}.Debug|Any CPU.ActiveCfg = Debug|Any CPU
		{AB376028-A4E6-4767-8B01-ADFF6CEBFA8C}.Debug|Any CPU.Build.0 = Debug|Any CPU
		{AB376028-A4E6-4767-8B01-ADFF6CEBFA8C}.Release|Any CPU.ActiveCfg = Release|Any CPU
		{AB376028-A4E6-4767-8B01-ADFF6CEBFA8C}.Release|Any CPU.Build.0 = Release|Any CPU
	EndGlobalSection
EndGlobal
