Microsoft Visual Studio Solution File, Format Version 12.00
# Visual Studio Version 17
VisualStudioVersion = 17.8.34312.214
MinimumVisualStudioVersion = 10.0.40219.1
Project("{FAE04EC0-301F-11D3-BF4B-00C04F79EFBC}") = "AiService.Api", "AiService.Api\AiService.Api.csproj", "{84E46946-1E08-4C9A-85C3-CA7C710115CA}"
EndProject
Project("{9A19103F-16F7-4668-BE54-9A1E7A4F7556}") = "AiService.Application", "AiService.Application\AiService.Application.csproj", "{6C9EEF64-B989-4AA3-9F5B-8FC114FAD2DA}"
EndProject
Project("{9A19103F-16F7-4668-BE54-9A1E7A4F7556}") = "AiService.Infrastructure", "AiService.Infrastructure\AiService.Infrastructure.csproj", "{2B646799-26B8-4F72-8256-96508639007B}"
EndProject
Global
	GlobalSection(SolutionConfigurationPlatforms) = preSolution
		Debug|Any CPU = Debug|Any CPU
		Release|Any CPU = Release|Any CPU
	EndGlobalSection
	GlobalSection(ProjectConfigurationPlatforms) = postSolution
		{84E46946-1E08-4C9A-85C3-CA7C710115CA}.Debug|Any CPU.ActiveCfg = Debug|Any CPU
		{84E46946-1E08-4C9A-85C3-CA7C710115CA}.Debug|Any CPU.Build.0 = Debug|Any CPU
		{84E46946-1E08-4C9A-85C3-CA7C710115CA}.Release|Any CPU.ActiveCfg = Release|Any CPU
		{84E46946-1E08-4C9A-85C3-CA7C710115CA}.Release|Any CPU.Build.0 = Release|Any CPU
		{6C9EEF64-B989-4AA3-9F5B-8FC114FAD2DA}.Debug|Any CPU.ActiveCfg = Debug|Any CPU
		{6C9EEF64-B989-4AA3-9F5B-8FC114FAD2DA}.Debug|Any CPU.Build.0 = Debug|Any CPU
		{6C9EEF64-B989-4AA3-9F5B-8FC114FAD2DA}.Release|Any CPU.ActiveCfg = Release|Any CPU
		{6C9EEF64-B989-4AA3-9F5B-8FC114FAD2DA}.Release|Any CPU.Build.0 = Release|Any CPU
		{2B646799-26B8-4F72-8256-96508639007B}.Debug|Any CPU.ActiveCfg = Debug|Any CPU
		{2B646799-26B8-4F72-8256-96508639007B}.Debug|Any CPU.Build.0 = Debug|Any CPU
		{2B646799-26B8-4F72-8256-96508639007B}.Release|Any CPU.ActiveCfg = Release|Any CPU
		{2B646799-26B8-4F72-8256-96508639007B}.Release|Any CPU.Build.0 = Release|Any CPU
	EndGlobalSection
	GlobalSection(SolutionProperties) = preSolution
		HideSolutionNode = FALSE
	EndGlobalSection
EndGlobal
