
Microsoft Visual Studio Solution File, Format Version 12.00
# Visual Studio Version 17
VisualStudioVersion = 17.0.31903.59
MinimumVisualStudioVersion = 10.0.40219.1
Project("{FAE04EC0-301F-11D3-BF4B-00C04F79EFBC}") = "UserService.Api", "UserService.Api\UserService.Api.csproj", "{42A7EF27-6508-40C6-8925-71A4393B0EFC}"
EndProject
Project("{FAE04EC0-301F-11D3-BF4B-00C04F79EFBC}") = "UserService.Application", "UserService.Application\UserService.Application.csproj", "{75BF3FAE-3DBA-477A-847E-A81F87EB0AB6}"
EndProject
Project("{FAE04EC0-301F-11D3-BF4B-00C04F79EFBC}") = "UserService.Infrastructure", "UserService.Infrastructure\UserService.Infrastructure.csproj", "{4DBF7474-571F-4AFB-AF23-DD49EB3C3311}"
EndProject
Project("{FAE04EC0-301F-11D3-BF4B-00C04F79EFBC}") = "UserService.Persistence", "UserService.Persistence\UserService.Persistence.csproj", "{04995017-1180-49D1-A571-8F0CB3F626C0}"
EndProject
Project("{FAE04EC0-301F-11D3-BF4B-00C04F79EFBC}") = "UserService.UnitTests", "UserService.UnitTests\UserService.UnitTests.csproj", "{7CEAE84A-3008-4B93-A8C1-6AB8B2EA3B44}"
EndProject
Global
	GlobalSection(SolutionConfigurationPlatforms) = preSolution
		Debug|Any CPU = Debug|Any CPU
		Debug|x64 = Debug|x64
		Debug|x86 = Debug|x86
		Release|Any CPU = Release|Any CPU
		Release|x64 = Release|x64
		Release|x86 = Release|x86
	EndGlobalSection
	GlobalSection(ProjectConfigurationPlatforms) = postSolution
		{42A7EF27-6508-40C6-8925-71A4393B0EFC}.Debug|Any CPU.ActiveCfg = Debug|Any CPU
		{42A7EF27-6508-40C6-8925-71A4393B0EFC}.Debug|Any CPU.Build.0 = Debug|Any CPU
		{42A7EF27-6508-40C6-8925-71A4393B0EFC}.Debug|x64.ActiveCfg = Debug|Any CPU
		{42A7EF27-6508-40C6-8925-71A4393B0EFC}.Debug|x64.Build.0 = Debug|Any CPU
		{42A7EF27-6508-40C6-8925-71A4393B0EFC}.Debug|x86.ActiveCfg = Debug|Any CPU
		{42A7EF27-6508-40C6-8925-71A4393B0EFC}.Debug|x86.Build.0 = Debug|Any CPU
		{42A7EF27-6508-40C6-8925-71A4393B0EFC}.Release|Any CPU.ActiveCfg = Release|Any CPU
		{42A7EF27-6508-40C6-8925-71A4393B0EFC}.Release|Any CPU.Build.0 = Release|Any CPU
		{42A7EF27-6508-40C6-8925-71A4393B0EFC}.Release|x64.ActiveCfg = Release|Any CPU
		{42A7EF27-6508-40C6-8925-71A4393B0EFC}.Release|x64.Build.0 = Release|Any CPU
		{42A7EF27-6508-40C6-8925-71A4393B0EFC}.Release|x86.ActiveCfg = Release|Any CPU
		{42A7EF27-6508-40C6-8925-71A4393B0EFC}.Release|x86.Build.0 = Release|Any CPU
		{75BF3FAE-3DBA-477A-847E-A81F87EB0AB6}.Debug|Any CPU.ActiveCfg = Debug|Any CPU
		{75BF3FAE-3DBA-477A-847E-A81F87EB0AB6}.Debug|Any CPU.Build.0 = Debug|Any CPU
		{75BF3FAE-3DBA-477A-847E-A81F87EB0AB6}.Debug|x64.ActiveCfg = Debug|Any CPU
		{75BF3FAE-3DBA-477A-847E-A81F87EB0AB6}.Debug|x64.Build.0 = Debug|Any CPU
		{75BF3FAE-3DBA-477A-847E-A81F87EB0AB6}.Debug|x86.ActiveCfg = Debug|Any CPU
		{75BF3FAE-3DBA-477A-847E-A81F87EB0AB6}.Debug|x86.Build.0 = Debug|Any CPU
		{75BF3FAE-3DBA-477A-847E-A81F87EB0AB6}.Release|Any CPU.ActiveCfg = Release|Any CPU
		{75BF3FAE-3DBA-477A-847E-A81F87EB0AB6}.Release|Any CPU.Build.0 = Release|Any CPU
		{75BF3FAE-3DBA-477A-847E-A81F87EB0AB6}.Release|x64.ActiveCfg = Release|Any CPU
		{75BF3FAE-3DBA-477A-847E-A81F87EB0AB6}.Release|x64.Build.0 = Release|Any CPU
		{75BF3FAE-3DBA-477A-847E-A81F87EB0AB6}.Release|x86.ActiveCfg = Release|Any CPU
		{75BF3FAE-3DBA-477A-847E-A81F87EB0AB6}.Release|x86.Build.0 = Release|Any CPU
		{4DBF7474-571F-4AFB-AF23-DD49EB3C3311}.Debug|Any CPU.ActiveCfg = Debug|Any CPU
		{4DBF7474-571F-4AFB-AF23-DD49EB3C3311}.Debug|Any CPU.Build.0 = Debug|Any CPU
		{4DBF7474-571F-4AFB-AF23-DD49EB3C3311}.Debug|x64.ActiveCfg = Debug|Any CPU
		{4DBF7474-571F-4AFB-AF23-DD49EB3C3311}.Debug|x64.Build.0 = Debug|Any CPU
		{4DBF7474-571F-4AFB-AF23-DD49EB3C3311}.Debug|x86.ActiveCfg = Debug|Any CPU
		{4DBF7474-571F-4AFB-AF23-DD49EB3C3311}.Debug|x86.Build.0 = Debug|Any CPU
		{4DBF7474-571F-4AFB-AF23-DD49EB3C3311}.Release|Any CPU.ActiveCfg = Release|Any CPU
		{4DBF7474-571F-4AFB-AF23-DD49EB3C3311}.Release|Any CPU.Build.0 = Release|Any CPU
		{4DBF7474-571F-4AFB-AF23-DD49EB3C3311}.Release|x64.ActiveCfg = Release|Any CPU
		{4DBF7474-571F-4AFB-AF23-DD49EB3C3311}.Release|x64.Build.0 = Release|Any CPU
		{4DBF7474-571F-4AFB-AF23-DD49EB3C3311}.Release|x86.ActiveCfg = Release|Any CPU
		{4DBF7474-571F-4AFB-AF23-DD49EB3C3311}.Release|x86.Build.0 = Release|Any CPU
		{04995017-1180-49D1-A571-8F0CB3F626C0}.Debug|Any CPU.ActiveCfg = Debug|Any CPU
		{04995017-1180-49D1-A571-8F0CB3F626C0}.Debug|Any CPU.Build.0 = Debug|Any CPU
		{04995017-1180-49D1-A571-8F0CB3F626C0}.Debug|x64.ActiveCfg = Debug|Any CPU
		{04995017-1180-49D1-A571-8F0CB3F626C0}.Debug|x64.Build.0 = Debug|Any CPU
		{04995017-1180-49D1-A571-8F0CB3F626C0}.Debug|x86.ActiveCfg = Debug|Any CPU
		{04995017-1180-49D1-A571-8F0CB3F626C0}.Debug|x86.Build.0 = Debug|Any CPU
		{04995017-1180-49D1-A571-8F0CB3F626C0}.Release|Any CPU.ActiveCfg = Release|Any CPU
		{04995017-1180-49D1-A571-8F0CB3F626C0}.Release|Any CPU.Build.0 = Release|Any CPU
		{04995017-1180-49D1-A571-8F0CB3F626C0}.Release|x64.ActiveCfg = Release|Any CPU
		{04995017-1180-49D1-A571-8F0CB3F626C0}.Release|x64.Build.0 = Release|Any CPU
		{04995017-1180-49D1-A571-8F0CB3F626C0}.Release|x86.ActiveCfg = Release|Any CPU
		{04995017-1180-49D1-A571-8F0CB3F626C0}.Release|x86.Build.0 = Release|Any CPU
		{7CEAE84A-3008-4B93-A8C1-6AB8B2EA3B44}.Debug|Any CPU.ActiveCfg = Debug|Any CPU
		{7CEAE84A-3008-4B93-A8C1-6AB8B2EA3B44}.Debug|Any CPU.Build.0 = Debug|Any CPU
		{7CEAE84A-3008-4B93-A8C1-6AB8B2EA3B44}.Debug|x64.ActiveCfg = Debug|Any CPU
		{7CEAE84A-3008-4B93-A8C1-6AB8B2EA3B44}.Debug|x64.Build.0 = Debug|Any CPU
		{7CEAE84A-3008-4B93-A8C1-6AB8B2EA3B44}.Debug|x86.ActiveCfg = Debug|Any CPU
		{7CEAE84A-3008-4B93-A8C1-6AB8B2EA3B44}.Debug|x86.Build.0 = Debug|Any CPU
		{7CEAE84A-3008-4B93-A8C1-6AB8B2EA3B44}.Release|Any CPU.ActiveCfg = Release|Any CPU
		{7CEAE84A-3008-4B93-A8C1-6AB8B2EA3B44}.Release|Any CPU.Build.0 = Release|Any CPU
		{7CEAE84A-3008-4B93-A8C1-6AB8B2EA3B44}.Release|x64.ActiveCfg = Release|Any CPU
		{7CEAE84A-3008-4B93-A8C1-6AB8B2EA3B44}.Release|x64.Build.0 = Release|Any CPU
		{7CEAE84A-3008-4B93-A8C1-6AB8B2EA3B44}.Release|x86.ActiveCfg = Release|Any CPU
		{7CEAE84A-3008-4B93-A8C1-6AB8B2EA3B44}.Release|x86.Build.0 = Release|Any CPU
	EndGlobalSection
	GlobalSection(SolutionProperties) = preSolution
		HideSolutionNode = FALSE
	EndGlobalSection
EndGlobal
